
Microsoft Visual Studio Solution File, Format Version 11.00
# Visual Studio 2010
Project("{8BC9CEB8-8B4A-11D0-8D11-00A0C91BC942}") = "Basic", "Basic\Basic.vcxproj", "{1CC5356E-E1A1-4735-B95D-CA7C6F47A2F8}"
EndProject
Project("{8BC9CEB8-8B4A-11D0-8D11-00A0C91BC942}") = "lua_dist", "lua_dist\lua_dist.vcxproj", "{744487DF-2826-4737-92A2-4242B9DCA37C}"
EndProject
Project("{8BC9CEB8-8B4A-11D0-8D11-00A0C91BC942}") = "luasocket_dist", "luasocket_dist\luasocket_dist.vcxproj", "{91C822AE-36ED-4DAF-B609-CD01384FC54B}"
EndProject
Project("{8BC9CEB8-8B4A-11D0-8D11-00A0C91BC942}") = "AtgFramework", "Atg\AtgFramework2008.vcxproj", "{91D208A6-9936-47FD-9659-67205C3EB0AB}"
EndProject
Project("{8BC9CEB8-8B4A-11D0-8D11-00A0C91BC942}") = "PrimeEngine", "PrimeEngine\PrimeEngine.vcxproj", "{4DB491F5-1E1B-4188-B4C5-19252AA1B752}"
	ProjectSection(ProjectDependencies) = postProject
		{91C822AE-36ED-4DAF-B609-CD01384FC54B} = {91C822AE-36ED-4DAF-B609-CD01384FC54B}
		{744487DF-2826-4737-92A2-4242B9DCA37C} = {744487DF-2826-4737-92A2-4242B9DCA37C}
	EndProjectSection
EndProject
Project("{8BC9CEB8-8B4A-11D0-8D11-00A0C91BC942}") = "CharacterControl", "CharacterControl\CharacterControl.vcxproj", "{33789ACF-12FE-11E0-B53D-0025D3AC504F}"
	ProjectSection(ProjectDependencies) = postProject
		{91D208A6-9936-47FD-9659-67205C3EB0AB} = {91D208A6-9936-47FD-9659-67205C3EB0AB}
	EndProjectSection
EndProject
Global
	GlobalSection(SolutionConfigurationPlatforms) = preSolution
		Debug_DX11|PS3 = Debug_DX11|PS3
		Debug_DX11|Win32 = Debug_DX11|Win32
		Debug_DX11|Xbox 360 = Debug_DX11|Xbox 360
		Debug_OGL|PS3 = Debug_OGL|PS3
		Debug_OGL|Win32 = Debug_OGL|Win32
		Debug_OGL|Xbox 360 = Debug_OGL|Xbox 360
		Debug_PS3|PS3 = Debug_PS3|PS3
		Debug_PS3|Win32 = Debug_PS3|Win32
		Debug_PS3|Xbox 360 = Debug_PS3|Xbox 360
		Debug|PS3 = Debug|PS3
		Debug|Win32 = Debug|Win32
		Debug|Xbox 360 = Debug|Xbox 360
		Release_D3D11|PS3 = Release_D3D11|PS3
		Release_D3D11|Win32 = Release_D3D11|Win32
		Release_D3D11|Xbox 360 = Release_D3D11|Xbox 360
		Release|PS3 = Release|PS3
		Release|Win32 = Release|Win32
		Release|Xbox 360 = Release|Xbox 360
	EndGlobalSection
	GlobalSection(ProjectConfigurationPlatforms) = postSolution
		{1CC5356E-E1A1-4735-B95D-CA7C6F47A2F8}.Debug_DX11|PS3.ActiveCfg = Debug_DX11|PS3
		{1CC5356E-E1A1-4735-B95D-CA7C6F47A2F8}.Debug_DX11|PS3.Build.0 = Debug_DX11|PS3
		{1CC5356E-E1A1-4735-B95D-CA7C6F47A2F8}.Debug_DX11|Win32.ActiveCfg = Debug_DX11|Win32
		{1CC5356E-E1A1-4735-B95D-CA7C6F47A2F8}.Debug_DX11|Win32.Build.0 = Debug_DX11|Win32
		{1CC5356E-E1A1-4735-B95D-CA7C6F47A2F8}.Debug_DX11|Xbox 360.ActiveCfg = Debug_DX11|Xbox 360
		{1CC5356E-E1A1-4735-B95D-CA7C6F47A2F8}.Debug_DX11|Xbox 360.Build.0 = Debug_DX11|Xbox 360
		{1CC5356E-E1A1-4735-B95D-CA7C6F47A2F8}.Debug_DX11|Xbox 360.Deploy.0 = Debug_DX11|Xbox 360
		{1CC5356E-E1A1-4735-B95D-CA7C6F47A2F8}.Debug_OGL|PS3.ActiveCfg = Debug_OGL|PS3
		{1CC5356E-E1A1-4735-B95D-CA7C6F47A2F8}.Debug_OGL|PS3.Build.0 = Debug_OGL|PS3
		{1CC5356E-E1A1-4735-B95D-CA7C6F47A2F8}.Debug_OGL|Win32.ActiveCfg = Debug_OGL|Win32
		{1CC5356E-E1A1-4735-B95D-CA7C6F47A2F8}.Debug_OGL|Win32.Build.0 = Debug_OGL|Win32
		{1CC5356E-E1A1-4735-B95D-CA7C6F47A2F8}.Debug_OGL|Xbox 360.ActiveCfg = Debug_OGL|Xbox 360
		{1CC5356E-E1A1-4735-B95D-CA7C6F47A2F8}.Debug_OGL|Xbox 360.Build.0 = Debug_OGL|Xbox 360
		{1CC5356E-E1A1-4735-B95D-CA7C6F47A2F8}.Debug_OGL|Xbox 360.Deploy.0 = Debug_OGL|Xbox 360
		{1CC5356E-E1A1-4735-B95D-CA7C6F47A2F8}.Debug_PS3|PS3.ActiveCfg = Debug_PS3|PS3
		{1CC5356E-E1A1-4735-B95D-CA7C6F47A2F8}.Debug_PS3|PS3.Build.0 = Debug_PS3|PS3
		{1CC5356E-E1A1-4735-B95D-CA7C6F47A2F8}.Debug_PS3|Win32.ActiveCfg = Debug_PS3|Win32
		{1CC5356E-E1A1-4735-B95D-CA7C6F47A2F8}.Debug_PS3|Win32.Build.0 = Debug_PS3|Win32
		{1CC5356E-E1A1-4735-B95D-CA7C6F47A2F8}.Debug_PS3|Xbox 360.ActiveCfg = Debug_PS3|Xbox 360
		{1CC5356E-E1A1-4735-B95D-CA7C6F47A2F8}.Debug_PS3|Xbox 360.Build.0 = Debug_PS3|Xbox 360
		{1CC5356E-E1A1-4735-B95D-CA7C6F47A2F8}.Debug_PS3|Xbox 360.Deploy.0 = Debug_PS3|Xbox 360
		{1CC5356E-E1A1-4735-B95D-CA7C6F47A2F8}.Debug|PS3.ActiveCfg = Debug|PS3
		{1CC5356E-E1A1-4735-B95D-CA7C6F47A2F8}.Debug|PS3.Build.0 = Debug|PS3
		{1CC5356E-E1A1-4735-B95D-CA7C6F47A2F8}.Debug|Win32.ActiveCfg = Debug|Win32
		{1CC5356E-E1A1-4735-B95D-CA7C6F47A2F8}.Debug|Win32.Build.0 = Debug|Win32
		{1CC5356E-E1A1-4735-B95D-CA7C6F47A2F8}.Debug|Xbox 360.ActiveCfg = Debug|Xbox 360
		{1CC5356E-E1A1-4735-B95D-CA7C6F47A2F8}.Debug|Xbox 360.Build.0 = Debug|Xbox 360
		{1CC5356E-E1A1-4735-B95D-CA7C6F47A2F8}.Debug|Xbox 360.Deploy.0 = Debug|Xbox 360
		{1CC5356E-E1A1-4735-B95D-CA7C6F47A2F8}.Release_D3D11|PS3.ActiveCfg = Release|Xbox 360
		{1CC5356E-E1A1-4735-B95D-CA7C6F47A2F8}.Release_D3D11|Win32.ActiveCfg = Release|Win32
		{1CC5356E-E1A1-4735-B95D-CA7C6F47A2F8}.Release_D3D11|Win32.Build.0 = Release|Win32
		{1CC5356E-E1A1-4735-B95D-CA7C6F47A2F8}.Release_D3D11|Xbox 360.ActiveCfg = Release|Xbox 360
		{1CC5356E-E1A1-4735-B95D-CA7C6F47A2F8}.Release_D3D11|Xbox 360.Build.0 = Release|Xbox 360
		{1CC5356E-E1A1-4735-B95D-CA7C6F47A2F8}.Release_D3D11|Xbox 360.Deploy.0 = Release|Xbox 360
		{1CC5356E-E1A1-4735-B95D-CA7C6F47A2F8}.Release|PS3.ActiveCfg = Release|PS3
		{1CC5356E-E1A1-4735-B95D-CA7C6F47A2F8}.Release|PS3.Build.0 = Release|PS3
		{1CC5356E-E1A1-4735-B95D-CA7C6F47A2F8}.Release|Win32.ActiveCfg = Release|Win32
		{1CC5356E-E1A1-4735-B95D-CA7C6F47A2F8}.Release|Win32.Build.0 = Release|Win32
		{1CC5356E-E1A1-4735-B95D-CA7C6F47A2F8}.Release|Xbox 360.ActiveCfg = Release|Xbox 360
		{1CC5356E-E1A1-4735-B95D-CA7C6F47A2F8}.Release|Xbox 360.Build.0 = Release|Xbox 360
		{1CC5356E-E1A1-4735-B95D-CA7C6F47A2F8}.Release|Xbox 360.Deploy.0 = Release|Xbox 360
		{744487DF-2826-4737-92A2-4242B9DCA37C}.Debug_DX11|PS3.ActiveCfg = Debug_DX11|PS3
		{744487DF-2826-4737-92A2-4242B9DCA37C}.Debug_DX11|PS3.Build.0 = Debug_DX11|PS3
		{744487DF-2826-4737-92A2-4242B9DCA37C}.Debug_DX11|Win32.ActiveCfg = Debug_DX11|Win32
		{744487DF-2826-4737-92A2-4242B9DCA37C}.Debug_DX11|Win32.Build.0 = Debug_DX11|Win32
		{744487DF-2826-4737-92A2-4242B9DCA37C}.Debug_DX11|Xbox 360.ActiveCfg = Debug_DX11|Xbox 360
		{744487DF-2826-4737-92A2-4242B9DCA37C}.Debug_DX11|Xbox 360.Build.0 = Debug_DX11|Xbox 360
		{744487DF-2826-4737-92A2-4242B9DCA37C}.Debug_DX11|Xbox 360.Deploy.0 = Debug_DX11|Xbox 360
		{744487DF-2826-4737-92A2-4242B9DCA37C}.Debug_OGL|PS3.ActiveCfg = Debug_OGL|PS3
		{744487DF-2826-4737-92A2-4242B9DCA37C}.Debug_OGL|PS3.Build.0 = Debug_OGL|PS3
		{744487DF-2826-4737-92A2-4242B9DCA37C}.Debug_OGL|Win32.ActiveCfg = Debug_OGL|Win32
		{744487DF-2826-4737-92A2-4242B9DCA37C}.Debug_OGL|Win32.Build.0 = Debug_OGL|Win32
		{744487DF-2826-4737-92A2-4242B9DCA37C}.Debug_OGL|Xbox 360.ActiveCfg = Debug_OGL|Xbox 360
		{744487DF-2826-4737-92A2-4242B9DCA37C}.Debug_OGL|Xbox 360.Build.0 = Debug_OGL|Xbox 360
		{744487DF-2826-4737-92A2-4242B9DCA37C}.Debug_OGL|Xbox 360.Deploy.0 = Debug_OGL|Xbox 360
		{744487DF-2826-4737-92A2-4242B9DCA37C}.Debug_PS3|PS3.ActiveCfg = Debug_PS3|PS3
		{744487DF-2826-4737-92A2-4242B9DCA37C}.Debug_PS3|PS3.Build.0 = Debug_PS3|PS3
		{744487DF-2826-4737-92A2-4242B9DCA37C}.Debug_PS3|Win32.ActiveCfg = Debug_PS3|Win32
		{744487DF-2826-4737-92A2-4242B9DCA37C}.Debug_PS3|Win32.Build.0 = Debug_PS3|Win32
		{744487DF-2826-4737-92A2-4242B9DCA37C}.Debug_PS3|Xbox 360.ActiveCfg = Debug_PS3|Xbox 360
		{744487DF-2826-4737-92A2-4242B9DCA37C}.Debug_PS3|Xbox 360.Build.0 = Debug_PS3|Xbox 360
		{744487DF-2826-4737-92A2-4242B9DCA37C}.Debug_PS3|Xbox 360.Deploy.0 = Debug_PS3|Xbox 360
		{744487DF-2826-4737-92A2-4242B9DCA37C}.Debug|PS3.ActiveCfg = Debug|PS3
		{744487DF-2826-4737-92A2-4242B9DCA37C}.Debug|PS3.Build.0 = Debug|PS3
		{744487DF-2826-4737-92A2-4242B9DCA37C}.Debug|Win32.ActiveCfg = Debug|Win32
		{744487DF-2826-4737-92A2-4242B9DCA37C}.Debug|Win32.Build.0 = Debug|Win32
		{744487DF-2826-4737-92A2-4242B9DCA37C}.Debug|Xbox 360.ActiveCfg = Debug|Xbox 360
		{744487DF-2826-4737-92A2-4242B9DCA37C}.Debug|Xbox 360.Build.0 = Debug|Xbox 360
		{744487DF-2826-4737-92A2-4242B9DCA37C}.Debug|Xbox 360.Deploy.0 = Debug|Xbox 360
		{744487DF-2826-4737-92A2-4242B9DCA37C}.Release_D3D11|PS3.ActiveCfg = Release|Xbox 360
		{744487DF-2826-4737-92A2-4242B9DCA37C}.Release_D3D11|Win32.ActiveCfg = Release|Win32
		{744487DF-2826-4737-92A2-4242B9DCA37C}.Release_D3D11|Win32.Build.0 = Release|Win32
		{744487DF-2826-4737-92A2-4242B9DCA37C}.Release_D3D11|Xbox 360.ActiveCfg = Release|Xbox 360
		{744487DF-2826-4737-92A2-4242B9DCA37C}.Release_D3D11|Xbox 360.Build.0 = Release|Xbox 360
		{744487DF-2826-4737-92A2-4242B9DCA37C}.Release_D3D11|Xbox 360.Deploy.0 = Release|Xbox 360
		{744487DF-2826-4737-92A2-4242B9DCA37C}.Release|PS3.ActiveCfg = Release|PS3
		{744487DF-2826-4737-92A2-4242B9DCA37C}.Release|PS3.Build.0 = Release|PS3
		{744487DF-2826-4737-92A2-4242B9DCA37C}.Release|Win32.ActiveCfg = Release|Win32
		{744487DF-2826-4737-92A2-4242B9DCA37C}.Release|Win32.Build.0 = Release|Win32
		{744487DF-2826-4737-92A2-4242B9DCA37C}.Release|Xbox 360.ActiveCfg = Release|Xbox 360
		{744487DF-2826-4737-92A2-4242B9DCA37C}.Release|Xbox 360.Build.0 = Release|Xbox 360
		{744487DF-2826-4737-92A2-4242B9DCA37C}.Release|Xbox 360.Deploy.0 = Release|Xbox 360
		{91C822AE-36ED-4DAF-B609-CD01384FC54B}.Debug_DX11|PS3.ActiveCfg = Debug_DX11|PS3
		{91C822AE-36ED-4DAF-B609-CD01384FC54B}.Debug_DX11|PS3.Build.0 = Debug_DX11|PS3
		{91C822AE-36ED-4DAF-B609-CD01384FC54B}.Debug_DX11|Win32.ActiveCfg = Debug_DX11|Win32
		{91C822AE-36ED-4DAF-B609-CD01384FC54B}.Debug_DX11|Win32.Build.0 = Debug_DX11|Win32
		{91C822AE-36ED-4DAF-B609-CD01384FC54B}.Debug_DX11|Xbox 360.ActiveCfg = Debug_DX11|Xbox 360
		{91C822AE-36ED-4DAF-B609-CD01384FC54B}.Debug_DX11|Xbox 360.Build.0 = Debug_DX11|Xbox 360
		{91C822AE-36ED-4DAF-B609-CD01384FC54B}.Debug_DX11|Xbox 360.Deploy.0 = Debug_DX11|Xbox 360
		{91C822AE-36ED-4DAF-B609-CD01384FC54B}.Debug_OGL|PS3.ActiveCfg = Debug_OGL|PS3
		{91C822AE-36ED-4DAF-B609-CD01384FC54B}.Debug_OGL|PS3.Build.0 = Debug_OGL|PS3
		{91C822AE-36ED-4DAF-B609-CD01384FC54B}.Debug_OGL|Win32.ActiveCfg = Debug_OGL|Win32
		{91C822AE-36ED-4DAF-B609-CD01384FC54B}.Debug_OGL|Win32.Build.0 = Debug_OGL|Win32
		{91C822AE-36ED-4DAF-B609-CD01384FC54B}.Debug_OGL|Xbox 360.ActiveCfg = Debug_OGL|Xbox 360
		{91C822AE-36ED-4DAF-B609-CD01384FC54B}.Debug_OGL|Xbox 360.Build.0 = Debug_OGL|Xbox 360
		{91C822AE-36ED-4DAF-B609-CD01384FC54B}.Debug_OGL|Xbox 360.Deploy.0 = Debug_OGL|Xbox 360
		{91C822AE-36ED-4DAF-B609-CD01384FC54B}.Debug_PS3|PS3.ActiveCfg = Debug_PS3|PS3
		{91C822AE-36ED-4DAF-B609-CD01384FC54B}.Debug_PS3|PS3.Build.0 = Debug_PS3|PS3
		{91C822AE-36ED-4DAF-B609-CD01384FC54B}.Debug_PS3|Win32.ActiveCfg = Debug_PS3|Win32
		{91C822AE-36ED-4DAF-B609-CD01384FC54B}.Debug_PS3|Win32.Build.0 = Debug_PS3|Win32
		{91C822AE-36ED-4DAF-B609-CD01384FC54B}.Debug_PS3|Xbox 360.ActiveCfg = Debug_PS3|Xbox 360
		{91C822AE-36ED-4DAF-B609-CD01384FC54B}.Debug_PS3|Xbox 360.Build.0 = Debug_PS3|Xbox 360
		{91C822AE-36ED-4DAF-B609-CD01384FC54B}.Debug_PS3|Xbox 360.Deploy.0 = Debug_PS3|Xbox 360
		{91C822AE-36ED-4DAF-B609-CD01384FC54B}.Debug|PS3.ActiveCfg = Debug|PS3
		{91C822AE-36ED-4DAF-B609-CD01384FC54B}.Debug|PS3.Build.0 = Debug|PS3
		{91C822AE-36ED-4DAF-B609-CD01384FC54B}.Debug|Win32.ActiveCfg = Debug|Win32
		{91C822AE-36ED-4DAF-B609-CD01384FC54B}.Debug|Win32.Build.0 = Debug|Win32
		{91C822AE-36ED-4DAF-B609-CD01384FC54B}.Debug|Xbox 360.ActiveCfg = Debug|Xbox 360
		{91C822AE-36ED-4DAF-B609-CD01384FC54B}.Debug|Xbox 360.Build.0 = Debug|Xbox 360
		{91C822AE-36ED-4DAF-B609-CD01384FC54B}.Debug|Xbox 360.Deploy.0 = Debug|Xbox 360
		{91C822AE-36ED-4DAF-B609-CD01384FC54B}.Release_D3D11|PS3.ActiveCfg = Release|Xbox 360
		{91C822AE-36ED-4DAF-B609-CD01384FC54B}.Release_D3D11|Win32.ActiveCfg = Release|Win32
		{91C822AE-36ED-4DAF-B609-CD01384FC54B}.Release_D3D11|Win32.Build.0 = Release|Win32
		{91C822AE-36ED-4DAF-B609-CD01384FC54B}.Release_D3D11|Xbox 360.ActiveCfg = Release|Xbox 360
		{91C822AE-36ED-4DAF-B609-CD01384FC54B}.Release_D3D11|Xbox 360.Build.0 = Release|Xbox 360
		{91C822AE-36ED-4DAF-B609-CD01384FC54B}.Release_D3D11|Xbox 360.Deploy.0 = Release|Xbox 360
		{91C822AE-36ED-4DAF-B609-CD01384FC54B}.Release|PS3.ActiveCfg = Release|PS3
		{91C822AE-36ED-4DAF-B609-CD01384FC54B}.Release|PS3.Build.0 = Release|PS3
		{91C822AE-36ED-4DAF-B609-CD01384FC54B}.Release|Win32.ActiveCfg = Release|Win32
		{91C822AE-36ED-4DAF-B609-CD01384FC54B}.Release|Win32.Build.0 = Release|Win32
		{91C822AE-36ED-4DAF-B609-CD01384FC54B}.Release|Xbox 360.ActiveCfg = Release|Xbox 360
		{91C822AE-36ED-4DAF-B609-CD01384FC54B}.Release|Xbox 360.Build.0 = Release|Xbox 360
		{91C822AE-36ED-4DAF-B609-CD01384FC54B}.Release|Xbox 360.Deploy.0 = Release|Xbox 360
		{91D208A6-9936-47FD-9659-67205C3EB0AB}.Debug_DX11|PS3.ActiveCfg = CodeAnalysis|PS3
		{91D208A6-9936-47FD-9659-67205C3EB0AB}.Debug_DX11|PS3.Build.0 = Debug_PS3|PS3
		{91D208A6-9936-47FD-9659-67205C3EB0AB}.Debug_DX11|Win32.ActiveCfg = Debug|Xbox 360
		{91D208A6-9936-47FD-9659-67205C3EB0AB}.Debug_DX11|Xbox 360.ActiveCfg = CodeAnalysis|Xbox 360
		{91D208A6-9936-47FD-9659-67205C3EB0AB}.Debug_DX11|Xbox 360.Build.0 = Debug_PS3|Xbox 360
		{91D208A6-9936-47FD-9659-67205C3EB0AB}.Debug_DX11|Xbox 360.Deploy.0 = Debug_PS3|Xbox 360
		{91D208A6-9936-47FD-9659-67205C3EB0AB}.Debug_OGL|PS3.ActiveCfg = Debug_OGL|PS3
		{91D208A6-9936-47FD-9659-67205C3EB0AB}.Debug_OGL|PS3.Build.0 = Debug_OGL|PS3
		{91D208A6-9936-47FD-9659-67205C3EB0AB}.Debug_OGL|Win32.ActiveCfg = Debug_OGL|Win32
		{91D208A6-9936-47FD-9659-67205C3EB0AB}.Debug_OGL|Xbox 360.ActiveCfg = Debug_OGL|Xbox 360
		{91D208A6-9936-47FD-9659-67205C3EB0AB}.Debug_OGL|Xbox 360.Build.0 = Debug_OGL|Xbox 360
		{91D208A6-9936-47FD-9659-67205C3EB0AB}.Debug_OGL|Xbox 360.Deploy.0 = Debug_OGL|Xbox 360
		{91D208A6-9936-47FD-9659-67205C3EB0AB}.Debug_PS3|PS3.ActiveCfg = Debug_PS3|PS3
		{91D208A6-9936-47FD-9659-67205C3EB0AB}.Debug_PS3|Win32.ActiveCfg = Debug_PS3|Win32
		{91D208A6-9936-47FD-9659-67205C3EB0AB}.Debug_PS3|Win32.Build.0 = Debug_PS3|Win32
		{91D208A6-9936-47FD-9659-67205C3EB0AB}.Debug_PS3|Xbox 360.ActiveCfg = Debug_PS3|Xbox 360
		{91D208A6-9936-47FD-9659-67205C3EB0AB}.Debug_PS3|Xbox 360.Build.0 = Debug_PS3|Xbox 360
		{91D208A6-9936-47FD-9659-67205C3EB0AB}.Debug_PS3|Xbox 360.Deploy.0 = Debug_PS3|Xbox 360
		{91D208A6-9936-47FD-9659-67205C3EB0AB}.Debug|PS3.ActiveCfg = Debug|PS3
		{91D208A6-9936-47FD-9659-67205C3EB0AB}.Debug|PS3.Build.0 = Debug|PS3
		{91D208A6-9936-47FD-9659-67205C3EB0AB}.Debug|Win32.ActiveCfg = Debug|Win32
		{91D208A6-9936-47FD-9659-67205C3EB0AB}.Debug|Xbox 360.ActiveCfg = Debug|Xbox 360
		{91D208A6-9936-47FD-9659-67205C3EB0AB}.Debug|Xbox 360.Build.0 = Debug|Xbox 360
		{91D208A6-9936-47FD-9659-67205C3EB0AB}.Debug|Xbox 360.Deploy.0 = Debug|Xbox 360
		{91D208A6-9936-47FD-9659-67205C3EB0AB}.Release_D3D11|PS3.ActiveCfg = Release_LTCG|Xbox 360
		{91D208A6-9936-47FD-9659-67205C3EB0AB}.Release_D3D11|Win32.ActiveCfg = Release_LTCG|Xbox 360
		{91D208A6-9936-47FD-9659-67205C3EB0AB}.Release_D3D11|Xbox 360.ActiveCfg = Release_LTCG|Xbox 360
		{91D208A6-9936-47FD-9659-67205C3EB0AB}.Release_D3D11|Xbox 360.Build.0 = Release_LTCG|Xbox 360
		{91D208A6-9936-47FD-9659-67205C3EB0AB}.Release_D3D11|Xbox 360.Deploy.0 = Release_LTCG|Xbox 360
		{91D208A6-9936-47FD-9659-67205C3EB0AB}.Release|PS3.ActiveCfg = Release|PS3
		{91D208A6-9936-47FD-9659-67205C3EB0AB}.Release|PS3.Build.0 = Release|PS3
		{91D208A6-9936-47FD-9659-67205C3EB0AB}.Release|Win32.ActiveCfg = Release|Win32
		{91D208A6-9936-47FD-9659-67205C3EB0AB}.Release|Xbox 360.ActiveCfg = Release|Xbox 360
		{91D208A6-9936-47FD-9659-67205C3EB0AB}.Release|Xbox 360.Build.0 = Release|Xbox 360
		{91D208A6-9936-47FD-9659-67205C3EB0AB}.Release|Xbox 360.Deploy.0 = Release|Xbox 360
		{4DB491F5-1E1B-4188-B4C5-19252AA1B752}.Debug_DX11|PS3.ActiveCfg = Debug_DX11|PS3
		{4DB491F5-1E1B-4188-B4C5-19252AA1B752}.Debug_DX11|PS3.Build.0 = Debug_DX11|PS3
		{4DB491F5-1E1B-4188-B4C5-19252AA1B752}.Debug_DX11|Win32.ActiveCfg = Debug_DX11|Win32
		{4DB491F5-1E1B-4188-B4C5-19252AA1B752}.Debug_DX11|Win32.Build.0 = Debug_DX11|Win32
		{4DB491F5-1E1B-4188-B4C5-19252AA1B752}.Debug_DX11|Xbox 360.ActiveCfg = Debug_DX11|Xbox 360
		{4DB491F5-1E1B-4188-B4C5-19252AA1B752}.Debug_DX11|Xbox 360.Build.0 = Debug_DX11|Xbox 360
		{4DB491F5-1E1B-4188-B4C5-19252AA1B752}.Debug_DX11|Xbox 360.Deploy.0 = Debug_DX11|Xbox 360
		{4DB491F5-1E1B-4188-B4C5-19252AA1B752}.Debug_OGL|PS3.ActiveCfg = Debug_OGL|PS3
		{4DB491F5-1E1B-4188-B4C5-19252AA1B752}.Debug_OGL|PS3.Build.0 = Debug_OGL|PS3
		{4DB491F5-1E1B-4188-B4C5-19252AA1B752}.Debug_OGL|Win32.ActiveCfg = Debug_OGL|Win32
		{4DB491F5-1E1B-4188-B4C5-19252AA1B752}.Debug_OGL|Win32.Build.0 = Debug_OGL|Win32
		{4DB491F5-1E1B-4188-B4C5-19252AA1B752}.Debug_OGL|Xbox 360.ActiveCfg = Debug_OGL|Xbox 360
		{4DB491F5-1E1B-4188-B4C5-19252AA1B752}.Debug_OGL|Xbox 360.Build.0 = Debug_OGL|Xbox 360
		{4DB491F5-1E1B-4188-B4C5-19252AA1B752}.Debug_OGL|Xbox 360.Deploy.0 = Debug_OGL|Xbox 360
		{4DB491F5-1E1B-4188-B4C5-19252AA1B752}.Debug_PS3|PS3.ActiveCfg = Debug_PS3|PS3
		{4DB491F5-1E1B-4188-B4C5-19252AA1B752}.Debug_PS3|PS3.Build.0 = Debug_PS3|PS3
		{4DB491F5-1E1B-4188-B4C5-19252AA1B752}.Debug_PS3|Win32.ActiveCfg = Debug_PS3|Win32
		{4DB491F5-1E1B-4188-B4C5-19252AA1B752}.Debug_PS3|Win32.Build.0 = Debug_PS3|Win32
		{4DB491F5-1E1B-4188-B4C5-19252AA1B752}.Debug_PS3|Xbox 360.ActiveCfg = Debug_PS3|Xbox 360
		{4DB491F5-1E1B-4188-B4C5-19252AA1B752}.Debug_PS3|Xbox 360.Build.0 = Debug_PS3|Xbox 360
		{4DB491F5-1E1B-4188-B4C5-19252AA1B752}.Debug_PS3|Xbox 360.Deploy.0 = Debug_PS3|Xbox 360
		{4DB491F5-1E1B-4188-B4C5-19252AA1B752}.Debug|PS3.ActiveCfg = Debug|PS3
		{4DB491F5-1E1B-4188-B4C5-19252AA1B752}.Debug|PS3.Build.0 = Debug|PS3
		{4DB491F5-1E1B-4188-B4C5-19252AA1B752}.Debug|Win32.ActiveCfg = Debug|Win32
		{4DB491F5-1E1B-4188-B4C5-19252AA1B752}.Debug|Win32.Build.0 = Debug|Win32
		{4DB491F5-1E1B-4188-B4C5-19252AA1B752}.Debug|Xbox 360.ActiveCfg = Debug|Xbox 360
		{4DB491F5-1E1B-4188-B4C5-19252AA1B752}.Debug|Xbox 360.Build.0 = Debug|Xbox 360
		{4DB491F5-1E1B-4188-B4C5-19252AA1B752}.Debug|Xbox 360.Deploy.0 = Debug|Xbox 360
		{4DB491F5-1E1B-4188-B4C5-19252AA1B752}.Release_D3D11|PS3.ActiveCfg = Release_D3D11|PS3
		{4DB491F5-1E1B-4188-B4C5-19252AA1B752}.Release_D3D11|PS3.Build.0 = Release_D3D11|PS3
		{4DB491F5-1E1B-4188-B4C5-19252AA1B752}.Release_D3D11|Win32.ActiveCfg = Release_D3D11|Win32
		{4DB491F5-1E1B-4188-B4C5-19252AA1B752}.Release_D3D11|Win32.Build.0 = Release_D3D11|Win32
		{4DB491F5-1E1B-4188-B4C5-19252AA1B752}.Release_D3D11|Xbox 360.ActiveCfg = Release_D3D11|Xbox 360
		{4DB491F5-1E1B-4188-B4C5-19252AA1B752}.Release_D3D11|Xbox 360.Build.0 = Release_D3D11|Xbox 360
		{4DB491F5-1E1B-4188-B4C5-19252AA1B752}.Release_D3D11|Xbox 360.Deploy.0 = Release_D3D11|Xbox 360
		{4DB491F5-1E1B-4188-B4C5-19252AA1B752}.Release|PS3.ActiveCfg = Release|PS3
		{4DB491F5-1E1B-4188-B4C5-19252AA1B752}.Release|PS3.Build.0 = Release|PS3
		{4DB491F5-1E1B-4188-B4C5-19252AA1B752}.Release|Win32.ActiveCfg = Release|Win32
		{4DB491F5-1E1B-4188-B4C5-19252AA1B752}.Release|Win32.Build.0 = Release|Win32
		{4DB491F5-1E1B-4188-B4C5-19252AA1B752}.Release|Xbox 360.ActiveCfg = Release|Xbox 360
		{4DB491F5-1E1B-4188-B4C5-19252AA1B752}.Release|Xbox 360.Build.0 = Release|Xbox 360
		{4DB491F5-1E1B-4188-B4C5-19252AA1B752}.Release|Xbox 360.Deploy.0 = Release|Xbox 360
		{33789ACF-12FE-11E0-B53D-0025D3AC504F}.Debug_DX11|PS3.ActiveCfg = Debug_DX11|PS3
		{33789ACF-12FE-11E0-B53D-0025D3AC504F}.Debug_DX11|PS3.Build.0 = Debug_DX11|PS3
		{33789ACF-12FE-11E0-B53D-0025D3AC504F}.Debug_DX11|Win32.ActiveCfg = Debug_DX11|Win32
		{33789ACF-12FE-11E0-B53D-0025D3AC504F}.Debug_DX11|Win32.Build.0 = Debug_DX11|Win32
		{33789ACF-12FE-11E0-B53D-0025D3AC504F}.Debug_DX11|Xbox 360.ActiveCfg = Debug_DX11|Xbox 360
		{33789ACF-12FE-11E0-B53D-0025D3AC504F}.Debug_DX11|Xbox 360.Build.0 = Debug_DX11|Xbox 360
		{33789ACF-12FE-11E0-B53D-0025D3AC504F}.Debug_DX11|Xbox 360.Deploy.0 = Debug_DX11|Xbox 360
		{33789ACF-12FE-11E0-B53D-0025D3AC504F}.Debug_OGL|PS3.ActiveCfg = Debug_OGL|PS3
		{33789ACF-12FE-11E0-B53D-0025D3AC504F}.Debug_OGL|PS3.Build.0 = Debug_OGL|PS3
		{33789ACF-12FE-11E0-B53D-0025D3AC504F}.Debug_OGL|Win32.ActiveCfg = Debug_OGL|Win32
		{33789ACF-12FE-11E0-B53D-0025D3AC504F}.Debug_OGL|Win32.Build.0 = Debug_OGL|Win32
		{33789ACF-12FE-11E0-B53D-0025D3AC504F}.Debug_OGL|Xbox 360.ActiveCfg = Debug_OGL|Xbox 360
		{33789ACF-12FE-11E0-B53D-0025D3AC504F}.Debug_OGL|Xbox 360.Build.0 = Debug_OGL|Xbox 360
		{33789ACF-12FE-11E0-B53D-0025D3AC504F}.Debug_OGL|Xbox 360.Deploy.0 = Debug_OGL|Xbox 360
		{33789ACF-12FE-11E0-B53D-0025D3AC504F}.Debug_PS3|PS3.ActiveCfg = Debug_PS3|PS3
		{33789ACF-12FE-11E0-B53D-0025D3AC504F}.Debug_PS3|PS3.Build.0 = Debug_PS3|PS3
		{33789ACF-12FE-11E0-B53D-0025D3AC504F}.Debug_PS3|Win32.ActiveCfg = Debug_PS3|Win32
		{33789ACF-12FE-11E0-B53D-0025D3AC504F}.Debug_PS3|Win32.Build.0 = Debug_PS3|Win32
		{33789ACF-12FE-11E0-B53D-0025D3AC504F}.Debug_PS3|Xbox 360.ActiveCfg = Debug_PS3|Xbox 360
		{33789ACF-12FE-11E0-B53D-0025D3AC504F}.Debug_PS3|Xbox 360.Build.0 = Debug_PS3|Xbox 360
		{33789ACF-12FE-11E0-B53D-0025D3AC504F}.Debug_PS3|Xbox 360.Deploy.0 = Debug_PS3|Xbox 360
		{33789ACF-12FE-11E0-B53D-0025D3AC504F}.Debug|PS3.ActiveCfg = Debug|PS3
		{33789ACF-12FE-11E0-B53D-0025D3AC504F}.Debug|PS3.Build.0 = Debug|PS3
		{33789ACF-12FE-11E0-B53D-0025D3AC504F}.Debug|Win32.ActiveCfg = Debug|Win32
		{33789ACF-12FE-11E0-B53D-0025D3AC504F}.Debug|Win32.Build.0 = Debug|Win32
		{33789ACF-12FE-11E0-B53D-0025D3AC504F}.Debug|Xbox 360.ActiveCfg = Debug|Xbox 360
		{33789ACF-12FE-11E0-B53D-0025D3AC504F}.Debug|Xbox 360.Build.0 = Debug|Xbox 360
		{33789ACF-12FE-11E0-B53D-0025D3AC504F}.Debug|Xbox 360.Deploy.0 = Debug|Xbox 360
		{33789ACF-12FE-11E0-B53D-0025D3AC504F}.Release_D3D11|PS3.ActiveCfg = Release_D3D11|PS3
		{33789ACF-12FE-11E0-B53D-0025D3AC504F}.Release_D3D11|PS3.Build.0 = Release_D3D11|PS3
		{33789ACF-12FE-11E0-B53D-0025D3AC504F}.Release_D3D11|Win32.ActiveCfg = Release_D3D11|Win32
		{33789ACF-12FE-11E0-B53D-0025D3AC504F}.Release_D3D11|Win32.Build.0 = Release_D3D11|Win32
		{33789ACF-12FE-11E0-B53D-0025D3AC504F}.Release_D3D11|Xbox 360.ActiveCfg = Release_D3D11|Xbox 360
		{33789ACF-12FE-11E0-B53D-0025D3AC504F}.Release_D3D11|Xbox 360.Build.0 = Release_D3D11|Xbox 360
		{33789ACF-12FE-11E0-B53D-0025D3AC504F}.Release_D3D11|Xbox 360.Deploy.0 = Release_D3D11|Xbox 360
		{33789ACF-12FE-11E0-B53D-0025D3AC504F}.Release|PS3.ActiveCfg = Release|PS3
		{33789ACF-12FE-11E0-B53D-0025D3AC504F}.Release|PS3.Build.0 = Release|PS3
		{33789ACF-12FE-11E0-B53D-0025D3AC504F}.Release|Win32.ActiveCfg = Release|Win32
		{33789ACF-12FE-11E0-B53D-0025D3AC504F}.Release|Win32.Build.0 = Release|Win32
		{33789ACF-12FE-11E0-B53D-0025D3AC504F}.Release|Xbox 360.ActiveCfg = Release|Xbox 360
		{33789ACF-12FE-11E0-B53D-0025D3AC504F}.Release|Xbox 360.Build.0 = Release|Xbox 360
		{33789ACF-12FE-11E0-B53D-0025D3AC504F}.Release|Xbox 360.Deploy.0 = Release|Xbox 360
	EndGlobalSection
	GlobalSection(SolutionProperties) = preSolution
		HideSolutionNode = FALSE
	EndGlobalSection
EndGlobal
